# THIS IS AN AUTOGENERATED FILE. DO NOT EDIT THIS FILE DIRECTLY.
# yarn lockfile v1


"@esbuild/linux-x64@0.25.1":
  version "0.25.1"
  resolved "https://registry.npmmirror.com/@esbuild/linux-x64/-/linux-x64-0.25.1.tgz"
  integrity sha512-xbfUhu/gnvSEg+EGovRc+kjBAkrvtk38RlerAzQxvMzlB4fXpCFCeUAYzJvrnhFtdeyVCDANSjJvOvGYoeKzFA==

"@rollup/rollup-linux-x64-gnu@4.37.0":
  version "4.37.0"
  resolved "https://registry.npmmirror.com/@rollup/rollup-linux-x64-gnu/-/rollup-linux-x64-gnu-4.37.0.tgz"
  integrity sha512-pKivGpgJM5g8dwj0ywBwe/HeVAUSuVVJhUTa/URXjxvoyTT/AxsLTAbkHkDHG7qQxLoW2s3apEIl26uUe08LVQ==

"@rollup/rollup-linux-x64-musl@4.37.0":
  version "4.37.0"
  resolved "https://registry.npmmirror.com/@rollup/rollup-linux-x64-musl/-/rollup-linux-x64-musl-4.37.0.tgz"
  integrity sha512-E2lPrLKE8sQbY/2bEkVTGDEk4/49UYRVWgj90MY8yPjpnGBQ+Xi1Qnr7b7UIWw1NOggdFQFOLZ8+5CzCiz143w==

"@types/estree@1.0.6":
  version "1.0.6"
  resolved "https://registry.npmmirror.com/@types/estree/-/estree-1.0.6.tgz"
  integrity sha512-AYnb1nQyY49te+VRAVgmzfcgjYS91mY5P0TKUDCLEM+gNnA+3T6rWITXRLYCpahpqSQbN5cE+gHpnPyXjHWxcw==

cross-env@^7.0.3:
  version "7.0.3"
  resolved "https://mirrors.tencent.com/npm/cross-env/-/cross-env-7.0.3.tgz"
  integrity sha512-+/HKd6EgcQCJGh2PSjZuUitQBQynKor4wrFbRg4DtAgS1aWO+gU52xpH7M9ScGgXSYmAVS9bIJ8EzuaGw0oNAw==
  dependencies:
    cross-spawn "^7.0.1"

cross-spawn@^7.0.1:
  version "7.0.6"
  resolved "https://mirrors.tencent.com/npm/cross-spawn/-/cross-spawn-7.0.6.tgz"
  integrity sha512-uV2QOWP2nWzsy2aMp8aRibhi9dlzF5Hgh5SHaB9OiTGEyDTiJJyx0uy51QXdyWbtAHNua4XJzUKca3OzKUd3vA==
  dependencies:
    path-key "^3.1.0"
    shebang-command "^2.0.0"
    which "^2.0.1"

esbuild@^0.25.0:
  version "0.25.1"
  resolved "https://registry.npmmirror.com/esbuild/-/esbuild-0.25.1.tgz"
  integrity sha512-BGO5LtrGC7vxnqucAe/rmvKdJllfGaYWdyABvyMoXQlfYMb2bbRuReWR5tEGE//4LcNJj9XrkovTqNYRFZHAMQ==
  optionalDependencies:
    "@esbuild/aix-ppc64" "0.25.1"
    "@esbuild/android-arm" "0.25.1"
    "@esbuild/android-arm64" "0.25.1"
    "@esbuild/android-x64" "0.25.1"
    "@esbuild/darwin-arm64" "0.25.1"
    "@esbuild/darwin-x64" "0.25.1"
    "@esbuild/freebsd-arm64" "0.25.1"
    "@esbuild/freebsd-x64" "0.25.1"
    "@esbuild/linux-arm" "0.25.1"
    "@esbuild/linux-arm64" "0.25.1"
    "@esbuild/linux-ia32" "0.25.1"
    "@esbuild/linux-loong64" "0.25.1"
    "@esbuild/linux-mips64el" "0.25.1"
    "@esbuild/linux-ppc64" "0.25.1"
    "@esbuild/linux-riscv64" "0.25.1"
    "@esbuild/linux-s390x" "0.25.1"
    "@esbuild/linux-x64" "0.25.1"
    "@esbuild/netbsd-arm64" "0.25.1"
    "@esbuild/netbsd-x64" "0.25.1"
    "@esbuild/openbsd-arm64" "0.25.1"
    "@esbuild/openbsd-x64" "0.25.1"
    "@esbuild/sunos-x64" "0.25.1"
    "@esbuild/win32-arm64" "0.25.1"
    "@esbuild/win32-ia32" "0.25.1"
    "@esbuild/win32-x64" "0.25.1"

isexe@^2.0.0:
  version "2.0.0"
  resolved "https://mirrors.tencent.com/npm/isexe/-/isexe-2.0.0.tgz"
  integrity sha512-RHxMLp9lnKHGHRng9QFhRCMbYAcVpn69smSGcq3f36xjgVVWThj4qqLbTLlq7Ssj8B+fIQ1EuCEGI2lKsyQeIw==

nanoid@^3.3.8:
  version "3.3.11"
  resolved "https://registry.npmmirror.com/nanoid/-/nanoid-3.3.11.tgz"
  integrity sha512-N8SpfPUnUp1bK+PMYW8qSWdl9U+wwNWI4QKxOYDy9JAro3WMX7p2OeVRF9v+347pnakNevPmiHhNmZ2HbFA76w==

path-key@^3.1.0:
  version "3.1.1"
  resolved "https://mirrors.tencent.com/npm/path-key/-/path-key-3.1.1.tgz"
  integrity sha512-ojmeN0qd+y0jszEtoY48r0Peq5dwMEkIlCOu6Q5f41lfkswXuKtYrhgoTpLnyIcHm24Uhqx+5Tqm2InSwLhE6Q==

picocolors@^1.1.1:
  version "1.1.1"
  resolved "https://registry.npmmirror.com/picocolors/-/picocolors-1.1.1.tgz"
  integrity sha512-xceH2snhtb5M9liqDsmEw56le376mTZkEX/jEb/RxNFyegNul7eNslCXP9FDj/Lcu0X8KEyMceP2ntpaHrDEVA==

postcss@^8.5.3:
  version "8.5.3"
  resolved "https://registry.npmmirror.com/postcss/-/postcss-8.5.3.tgz"
  integrity sha512-dle9A3yYxlBSrt8Fu+IpjGT8SY8hN0mlaA6GY8t0P5PjIOZemULz/E2Bnm/2dcUOena75OTNkHI76uZBNUUq3A==
  dependencies:
    nanoid "^3.3.8"
    picocolors "^1.1.1"
    source-map-js "^1.2.1"

rollup@^4.30.1:
  version "4.37.0"
  resolved "https://registry.npmmirror.com/rollup/-/rollup-4.37.0.tgz"
  integrity sha512-iAtQy/L4QFU+rTJ1YUjXqJOJzuwEghqWzCEYD2FEghT7Gsy1VdABntrO4CLopA5IkflTyqNiLNwPcOJ3S7UKLg==
  dependencies:
    "@types/estree" "1.0.6"
  optionalDependencies:
    "@rollup/rollup-android-arm-eabi" "4.37.0"
    "@rollup/rollup-android-arm64" "4.37.0"
    "@rollup/rollup-darwin-arm64" "4.37.0"
    "@rollup/rollup-darwin-x64" "4.37.0"
    "@rollup/rollup-freebsd-arm64" "4.37.0"
    "@rollup/rollup-freebsd-x64" "4.37.0"
    "@rollup/rollup-linux-arm-gnueabihf" "4.37.0"
    "@rollup/rollup-linux-arm-musleabihf" "4.37.0"
    "@rollup/rollup-linux-arm64-gnu" "4.37.0"
    "@rollup/rollup-linux-arm64-musl" "4.37.0"
    "@rollup/rollup-linux-loongarch64-gnu" "4.37.0"
    "@rollup/rollup-linux-powerpc64le-gnu" "4.37.0"
    "@rollup/rollup-linux-riscv64-gnu" "4.37.0"
    "@rollup/rollup-linux-riscv64-musl" "4.37.0"
    "@rollup/rollup-linux-s390x-gnu" "4.37.0"
    "@rollup/rollup-linux-x64-gnu" "4.37.0"
    "@rollup/rollup-linux-x64-musl" "4.37.0"
    "@rollup/rollup-win32-arm64-msvc" "4.37.0"
    "@rollup/rollup-win32-ia32-msvc" "4.37.0"
    "@rollup/rollup-win32-x64-msvc" "4.37.0"
    fsevents "~2.3.2"

shebang-command@^2.0.0:
  version "2.0.0"
  resolved "https://mirrors.tencent.com/npm/shebang-command/-/shebang-command-2.0.0.tgz"
  integrity sha512-kHxr2zZpYtdmrN1qDjrrX/Z1rR1kG8Dx+gkpK1G4eXmvXswmcE1hTWBWYUzlraYw1/yZp6YuDY77YtvbN0dmDA==
  dependencies:
    shebang-regex "^3.0.0"

shebang-regex@^3.0.0:
  version "3.0.0"
  resolved "https://mirrors.tencent.com/npm/shebang-regex/-/shebang-regex-3.0.0.tgz"
  integrity sha512-7++dFhtcx3353uBaq8DDR4NuxBetBzC7ZQOhmTQInHEd6bSrXdiEyzCvG07Z44UYdLShWUyXt5M/yhz8ekcb1A==

source-map-js@^1.2.1:
  version "1.2.1"
  resolved "https://registry.npmmirror.com/source-map-js/-/source-map-js-1.2.1.tgz"
  integrity sha512-UXWMKhLOwVKb728IUtQPXxfYU+usdybtUrK/8uGE8CQMvrhOpwvzDBwj0QhSL7MQc7vIsISBG8VQ8+IDQxpfQA==

three@^0.174.0:
  version "0.174.0"
  resolved "https://registry.npmmirror.com/three/-/three-0.174.0.tgz"
  integrity sha512-p+WG3W6Ov74alh3geCMkGK9NWuT62ee21cV3jEnun201zodVF4tCE5aZa2U122/mkLRmhJJUQmLLW1BH00uQJQ==

vite@^6.2.3:
  version "6.2.3"
  resolved "https://registry.npmmirror.com/vite/-/vite-6.2.3.tgz"
  integrity sha512-IzwM54g4y9JA/xAeBPNaDXiBF8Jsgl3VBQ2YQ/wOY6fyW3xMdSoltIV3Bo59DErdqdE6RxUfv8W69DvUorE4Eg==
  dependencies:
    esbuild "^0.25.0"
    postcss "^8.5.3"
    rollup "^4.30.1"
  optionalDependencies:
    fsevents "~2.3.3"

which@^2.0.1:
  version "2.0.2"
  resolved "https://mirrors.tencent.com/npm/which/-/which-2.0.2.tgz"
  integrity sha512-BLI3Tl1TW3Pvl70l3yq3Y64i+awpwXqsGBYWkkqMtnbXgrMD+yj7rhW0kuEDxzJaYXGjEW5ogapKNMEKNMjibA==
  dependencies:
    isexe "^2.0.0"
